{
  "nodes": {
    "home-manager": {
      "inputs": {
        "nixpkgs": [
          "nixpkgs"
        ]
      },
      "locked": {
        "lastModified": 1737188535,
        "narHash": "sha256-O2ttwW1/dUc/Y+Rf48Njtr4tZpRJhy8FhafikekIjMY=",
        "owner": "nix-community",
        "repo": "home-manager",
        "rev": "1e36429705f9af2d00a517ba46a4f21ef8a8194f",
        "type": "github"
      },
      "original": {
        "owner": "nix-community",
        "repo": "home-manager",
        "type": "github"
      }
    },
    "nixpkgs": {
      "locked": {
        "lastModified": 1737062831,
        "narHash": "sha256-Tbk1MZbtV2s5aG+iM99U8FqwxU/YNArMcWAv6clcsBc=",
        "owner": "nixos",
        "repo": "nixpkgs",
        "rev": "5df43628fdf08d642be8ba5b3625a6c70731c19c",
        "type": "github"
      },
      "original": {
        "owner": "nixos",
        "ref": "nixos-unstable",
        "repo": "nixpkgs",
        "type": "github"
      }
    },
    "nvchad-starter": {
      "flake": false,
      "locked": {
        "lastModified": 1736643544,
        "narHash": "sha256-PoThdeLgPIFrqVMgwOyWsPDD01K4qEFT6Q5LHz6n5DM=",
        "owner": "NvChad",
        "repo": "starter",
        "rev": "c3d1fb646a04aaa97b2929b90269f8a7bf8e8dc4",
        "type": "github"
      },
      "original": {
        "owner": "NvChad",
        "ref": "main",
        "repo": "starter",
        "type": "github"
      }
    },
    "nvchad4nix": {
      "inputs": {
        "nixpkgs": [
          "nixpkgs"
        ],
        "nvchad-starter": "nvchad-starter"
      },
      "locked": {
        "lastModified": 1737117328,
        "narHash": "sha256-XCEtt4bsjQ8xDzuF7NEJhc24JmC1zplKCl//uiKVWw4=",
        "owner": "nix-community",
        "repo": "nix4nvchad",
        "rev": "a04f07bae25787ad80db7fb4c0de075bae129247",
        "type": "github"
      },
      "original": {
        "owner": "nix-community",
        "repo": "nix4nvchad",
        "type": "github"
      }
    },
    "root": {
      "inputs": {
        "home-manager": "home-manager",
        "nixpkgs": "nixpkgs",
        "nvchad4nix": "nvchad4nix"
      }
    }
  },
  "root": "root",
  "version": 7
}
